PODS:
  - Crashlytics (3.8.5):
    - Fabric (~> 1.6.3)
  - Fabric (1.6.12)
  - ReachabilitySwift (3)

DEPENDENCIES:
  - Crashlytics
  - Fabric
  - ReachabilitySwift (~> 3)

SPEC CHECKSUMS:
  Crashlytics: dfbae35ef22ca189240d230ad501feea4ee85d2d
  Fabric: f050464eac45a2ce5a8e6e6a07e977c0df32fe28
  ReachabilitySwift: f5b9bb30a0777fac8f09ce8b067e32faeb29bb64

PODFILE CHECKSUM: a92dfddeef2e71ddbcf45663b53e0d4a5762038f

COCOAPODS: 1.3.1
