// !$*UTF8*$!
{
	archiveVersion = 1;
	classes = {
	};
	objectVersion = 70;
	objects = {

/* Begin PBXBuildFile section */
		40CAB0E92BF42ADFDDB92C9D /* AppIcon_26.icon in Resources */ = {isa = PBXBuildFile; fileRef = 07A148204DD2FA481DF56FFE /* AppIcon_26.icon */; };
		ED37415087EC38D715CE2902 /* AddressClusterTests.swift in Sources */ = {isa = PBXBuildFile; fileRef = 62B50C7FBF75F734ADACEFCE /* AddressClusterTests.swift */; };
/* End PBXBuildFile section */

/* Begin PBXContainerItemProxy section */
		32BD222C877A37847FB496B8 /* PBXContainerItemProxy */ = {
			isa = PBXContainerItemProxy;
			containerPortal = 036F4B6D91307D898786261F /* Project object */;
			proxyType = 1;
			remoteGlobalIDString = CEC53983E9F52F0FADAD8899;
			remoteInfo = Flame;
		};
/* End PBXContainerItemProxy section */

/* Begin PBXFileReference section */
		045AE84E15F115E30741435C /* FlameTests.xctest */ = {isa = PBXFileReference; includeInIndex = 0; lastKnownFileType = wrapper.cfbundle; path = FlameTests.xctest; sourceTree = BUILT_PRODUCTS_DIR; };
		07A148204DD2FA481DF56FFE /* AppIcon_26.icon */ = {isa = PBXFileReference; lastKnownFileType = folder.iconcomposer.icon; path = AppIcon_26.icon; sourceTree = "<group>"; };
		1342B7C68D3E99C9A0874C6A /* project.yml */ = {isa = PBXFileReference; lastKnownFileType = text.yaml; path = project.yml; sourceTree = "<group>"; };
		62B50C7FBF75F734ADACEFCE /* AddressClusterTests.swift */ = {isa = PBXFileReference; lastKnownFileType = sourcecode.swift; path = AddressClusterTests.swift; sourceTree = "<group>"; };
		78C3E6E9772AEF11D1D06A60 /* Flame.entitlements */ = {isa = PBXFileReference; lastKnownFileType = text.plist.entitlements; path = Flame.entitlements; sourceTree = "<group>"; };
		7DB9E430F6CDA0A49EA5D10C /* Flame.app */ = {isa = PBXFileReference; includeInIndex = 0; lastKnownFileType = wrapper.application; path = Flame.app; sourceTree = BUILT_PRODUCTS_DIR; };
		B48361AA0B8B4897E912D2B1 /* .swiftlint.yml */ = {isa = PBXFileReference; lastKnownFileType = text.yaml; path = .swiftlint.yml; sourceTree = "<group>"; };
		E3BBB2946A5C18C7A77B6B4C /* CHANGELOG.md */ = {isa = PBXFileReference; lastKnownFileType = net.daringfireball.markdown; path = CHANGELOG.md; sourceTree = "<group>"; };
		EE15253E0B57E5A35B36E58D /* README.md */ = {isa = PBXFileReference; lastKnownFileType = net.daringfireball.markdown; path = README.md; sourceTree = "<group>"; };
/* End PBXFileReference section */

/* Begin PBXFileSystemSynchronizedRootGroup section */
		02966C44B783723A370D895F /* Flame */ = {isa = PBXFileSystemSynchronizedRootGroup; explicitFileTypes = {}; explicitFolders = (); path = Flame; sourceTree = "<group>"; };
		117CBF2FF332E28749184FC4 /* Views */ = {isa = PBXFileSystemSynchronizedRootGroup; explicitFileTypes = {}; explicitFolders = (); path = Views; sourceTree = "<group>"; };
		1C5F9DBE66E5435448D4FAAC /* Utils */ = {isa = PBXFileSystemSynchronizedRootGroup; explicitFileTypes = {}; explicitFolders = (); path = Utils; sourceTree = "<group>"; };
		2CE6D02AE6CD644421FD530D /* Translation */ = {isa = PBXFileSystemSynchronizedRootGroup; explicitFileTypes = {}; explicitFolders = (); path = Translation; sourceTree = "<group>"; };
		B4E24FE3CDA33916E217CD26 /* ServiceDiscovery */ = {isa = PBXFileSystemSynchronizedRootGroup; explicitFileTypes = {}; explicitFolders = (); path = ServiceDiscovery; sourceTree = "<group>"; };
/* End PBXFileSystemSynchronizedRootGroup section */

/* Begin PBXGroup section */
		0028A47C8392FA158E09492D /* Products */ = {
			isa = PBXGroup;
			children = (
				7DB9E430F6CDA0A49EA5D10C /* Flame.app */,
				045AE84E15F115E30741435C /* FlameTests.xctest */,
			);
			name = Products;
			sourceTree = "<group>";
		};
		0D793BEB5F39D0D4D226DC7D = {
			isa = PBXGroup;
			children = (
				B48361AA0B8B4897E912D2B1 /* .swiftlint.yml */,
				E3BBB2946A5C18C7A77B6B4C /* CHANGELOG.md */,
				02966C44B783723A370D895F /* Flame */,
				1342B7C68D3E99C9A0874C6A /* project.yml */,
				EE15253E0B57E5A35B36E58D /* README.md */,
				B4E24FE3CDA33916E217CD26 /* ServiceDiscovery */,
				2CE6D02AE6CD644421FD530D /* Translation */,
				1C5F9DBE66E5435448D4FAAC /* Utils */,
				117CBF2FF332E28749184FC4 /* Views */,
				EF3DC09CEB47C3D95BF7C27F /* FlameTests */,
				6D044DDE8A46CECEC904B9A2 /* generated */,
				2F1D94310F43DE6505A0F53A /* Image Resources */,
				0028A47C8392FA158E09492D /* Products */,
			);
			sourceTree = "<group>";
		};
		2F1D94310F43DE6505A0F53A /* Image Resources */ = {
			isa = PBXGroup;
			children = (
				07A148204DD2FA481DF56FFE /* AppIcon_26.icon */,
			);
			path = "Image Resources";
			sourceTree = "<group>";
		};
		6D044DDE8A46CECEC904B9A2 /* generated */ = {
			isa = PBXGroup;
			children = (
				78C3E6E9772AEF11D1D06A60 /* Flame.entitlements */,
			);
			path = generated;
			sourceTree = "<group>";
		};
		EF3DC09CEB47C3D95BF7C27F /* FlameTests */ = {
			isa = PBXGroup;
			children = (
				62B50C7FBF75F734ADACEFCE /* AddressClusterTests.swift */,
			);
			path = FlameTests;
			sourceTree = "<group>";
		};
/* End PBXGroup section */

/* Begin PBXNativeTarget section */
		CEC53983E9F52F0FADAD8899 /* Flame */ = {
			isa = PBXNativeTarget;
			buildConfigurationList = 79075F7A89A323FE5A7F061A /* Build configuration list for PBXNativeTarget "Flame" */;
			buildPhases = (
				FC08C3E06A648D7F0A0C5BB7 /* Sources */,
				7A55AE208CE11747408F60FC /* Resources */,
			);
			buildRules = (
			);
			dependencies = (
			);
			fileSystemSynchronizedGroups = (
				02966C44B783723A370D895F /* Flame */,
				117CBF2FF332E28749184FC4 /* Views */,
				1C5F9DBE66E5435448D4FAAC /* Utils */,
				2CE6D02AE6CD644421FD530D /* Translation */,
				B4E24FE3CDA33916E217CD26 /* ServiceDiscovery */,
			);
			name = Flame;
			packageProductDependencies = (
			);
			productName = Flame;
			productReference = 7DB9E430F6CDA0A49EA5D10C /* Flame.app */;
			productType = "com.apple.product-type.application";
		};
		DA5AB1CD84904859270229FF /* FlameTests */ = {
			isa = PBXNativeTarget;
			buildConfigurationList = EF63F13F033FEB19551696FC /* Build configuration list for PBXNativeTarget "FlameTests" */;
			buildPhases = (
				4CD01F6D9AA78AFC72DC5AB0 /* Sources */,
			);
			buildRules = (
			);
			dependencies = (
				1C836ACB369129D005127B8B /* PBXTargetDependency */,
			);
			name = FlameTests;
			packageProductDependencies = (
			);
			productName = FlameTests;
			productReference = 045AE84E15F115E30741435C /* FlameTests.xctest */;
			productType = "com.apple.product-type.bundle.unit-test";
		};
/* End PBXNativeTarget section */

/* Begin PBXProject section */
		036F4B6D91307D898786261F /* Project object */ = {
			isa = PBXProject;
			attributes = {
				BuildIndependentTargetsInParallel = YES;
				LastUpgradeCheck = 1430;
				TargetAttributes = {
					CEC53983E9F52F0FADAD8899 = {
						DevelopmentTeam = 76AFK3W7M9;
						ProvisioningStyle = Manual;
					};
					DA5AB1CD84904859270229FF = {
						DevelopmentTeam = 76AFK3W7M9;
					};
				};
			};
			buildConfigurationList = BA61D24F1198953212510B51 /* Build configuration list for PBXProject "Flame" */;
			compatibilityVersion = "Xcode 14.0";
			developmentRegion = en;
			hasScannedForEncodings = 0;
			knownRegions = (
				Base,
				en,
			);
			mainGroup = 0D793BEB5F39D0D4D226DC7D;
			minimizedProjectReferenceProxies = 1;
			projectDirPath = "";
			projectRoot = "";
			targets = (
				CEC53983E9F52F0FADAD8899 /* Flame */,
				DA5AB1CD84904859270229FF /* FlameTests */,
			);
		};
/* End PBXProject section */

/* Begin PBXResourcesBuildPhase section */
		7A55AE208CE11747408F60FC /* Resources */ = {
			isa = PBXResourcesBuildPhase;
			buildActionMask = 2147483647;
			files = (
				40CAB0E92BF42ADFDDB92C9D /* AppIcon_26.icon in Resources */,
			);
			runOnlyForDeploymentPostprocessing = 0;
		};
/* End PBXResourcesBuildPhase section */

/* Begin PBXSourcesBuildPhase section */
		4CD01F6D9AA78AFC72DC5AB0 /* Sources */ = {
			isa = PBXSourcesBuildPhase;
			buildActionMask = 2147483647;
			files = (
				ED37415087EC38D715CE2902 /* AddressClusterTests.swift in Sources */,
			);
			runOnlyForDeploymentPostprocessing = 0;
		};
		FC08C3E06A648D7F0A0C5BB7 /* Sources */ = {
			isa = PBXSourcesBuildPhase;
			buildActionMask = 2147483647;
			files = (
			);
			runOnlyForDeploymentPostprocessing = 0;
		};
/* End PBXSourcesBuildPhase section */

/* Begin PBXTargetDependency section */
		1C836ACB369129D005127B8B /* PBXTargetDependency */ = {
			isa = PBXTargetDependency;
			target = CEC53983E9F52F0FADAD8899 /* Flame */;
			targetProxy = 32BD222C877A37847FB496B8 /* PBXContainerItemProxy */;
		};
/* End PBXTargetDependency section */

/* Begin XCBuildConfiguration section */
		14F815E71168BB59F1E9526F /* Release */ = {
			isa = XCBuildConfiguration;
			buildSettings = {
				BUNDLE_LOADER = "$(TEST_HOST)";
				DEVELOPMENT_TEAM = 76AFK3W7M9;
				INFOPLIST_FILE = "generated/Test-Info.plist";
				IPHONEOS_DEPLOYMENT_TARGET = 15.0;
				LD_RUNPATH_SEARCH_PATHS = (
					"$(inherited)",
					"@executable_path/Frameworks",
					"@loader_path/Frameworks",
				);
				PRODUCT_BUNDLE_IDENTIFIER = org.jerakeen.FlameTests;
				SDKROOT = iphoneos;
				TARGETED_DEVICE_FAMILY = "1,2";
				TEST_HOST = "$(BUILT_PRODUCTS_DIR)/Flame.app/Flame";
			};
			name = Release;
		};
		587A7F4A48AC5E2AEDBCC8BE /* Debug */ = {
			isa = XCBuildConfiguration;
			buildSettings = {
				BUNDLE_LOADER = "$(TEST_HOST)";
				DEVELOPMENT_TEAM = 76AFK3W7M9;
				INFOPLIST_FILE = "generated/Test-Info.plist";
				IPHONEOS_DEPLOYMENT_TARGET = 15.0;
				LD_RUNPATH_SEARCH_PATHS = (
					"$(inherited)",
					"@executable_path/Frameworks",
					"@loader_path/Frameworks",
				);
				PRODUCT_BUNDLE_IDENTIFIER = org.jerakeen.FlameTests;
				SDKROOT = iphoneos;
				TARGETED_DEVICE_FAMILY = "1,2";
				TEST_HOST = "$(BUILT_PRODUCTS_DIR)/Flame.app/Flame";
			};
			name = Debug;
		};
		70BFAF7D5DCD29C2C746DE8B /* Release */ = {
			isa = XCBuildConfiguration;
			buildSettings = {
				ASSETCATALOG_COMPILER_APPICON_NAME = AppIcon_26;
				CODE_SIGN_ENTITLEMENTS = generated/Flame.entitlements;
				CODE_SIGN_IDENTITY = "iPhone Developer";
				CODE_SIGN_STYLE = Manual;
				DERIVE_MACCATALYST_PRODUCT_BUNDLE_IDENTIFIER = NO;
				DEVELOPMENT_TEAM = 76AFK3W7M9;
				INFOPLIST_FILE = generated/Info.plist;
				IPHONEOS_DEPLOYMENT_TARGET = 17.0;
				LD_RUNPATH_SEARCH_PATHS = (
					"$(inherited)",
					"@executable_path/Frameworks",
				);
				MARKETING_VERSION = 104.1.0;
				PRODUCT_BUNDLE_IDENTIFIER = org.jerakeen.flametouch;
				PROVISIONING_PROFILE_SPECIFIER = "Flametouch dev (with multicast)";
				"PROVISIONING_PROFILE_SPECIFIER[sdk=macosx*]" = "Flametouch Mac Dev";
				SDKROOT = auto;
				SUPPORTED_PLATFORMS = "iphoneos iphonesimulator";
				SUPPORTS_MACCATALYST = YES;
				SUPPORTS_MAC_DESIGNED_FOR_IPHONE_IPAD = YES;
				SUPPORTS_XR_DESIGNED_FOR_IPHONE_IPAD = YES;
				SWIFT_APPROACHABLE_CONCURRENCY = YES;
				SWIFT_DEFAULT_ACTOR_ISOLATION = MainActor;
				TARGETED_DEVICE_FAMILY = "1,2";
			};
			name = Release;
		};
		772E72879CBE2256829CA9A1 /* Release */ = {
			isa = XCBuildConfiguration;
			buildSettings = {
				ALWAYS_SEARCH_USER_PATHS = NO;
				CLANG_ANALYZER_NONNULL = YES;
				CLANG_ANALYZER_NUMBER_OBJECT_CONVERSION = YES_AGGRESSIVE;
				CLANG_CXX_LANGUAGE_STANDARD = "gnu++14";
				CLANG_CXX_LIBRARY = "libc++";
				CLANG_ENABLE_MODULES = YES;
				CLANG_ENABLE_OBJC_ARC = YES;
				CLANG_ENABLE_OBJC_WEAK = YES;
				CLANG_WARN_BLOCK_CAPTURE_AUTORELEASING = YES;
				CLANG_WARN_BOOL_CONVERSION = YES;
				CLANG_WARN_COMMA = YES;
				CLANG_WARN_CONSTANT_CONVERSION = YES;
				CLANG_WARN_DEPRECATED_OBJC_IMPLEMENTATIONS = YES;
				CLANG_WARN_DIRECT_OBJC_ISA_USAGE = YES_ERROR;
				CLANG_WARN_DOCUMENTATION_COMMENTS = YES;
				CLANG_WARN_EMPTY_BODY = YES;
				CLANG_WARN_ENUM_CONVERSION = YES;
				CLANG_WARN_INFINITE_RECURSION = YES;
				CLANG_WARN_INT_CONVERSION = YES;
				CLANG_WARN_NON_LITERAL_NULL_CONVERSION = YES;
				CLANG_WARN_OBJC_IMPLICIT_RETAIN_SELF = YES;
				CLANG_WARN_OBJC_LITERAL_CONVERSION = YES;
				CLANG_WARN_OBJC_ROOT_CLASS = YES_ERROR;
				CLANG_WARN_QUOTED_INCLUDE_IN_FRAMEWORK_HEADER = YES;
				CLANG_WARN_RANGE_LOOP_ANALYSIS = YES;
				CLANG_WARN_STRICT_PROTOTYPES = YES;
				CLANG_WARN_SUSPICIOUS_MOVE = YES;
				CLANG_WARN_UNGUARDED_AVAILABILITY = YES_AGGRESSIVE;
				CLANG_WARN_UNREACHABLE_CODE = YES;
				CLANG_WARN__DUPLICATE_METHOD_MATCH = YES;
				COPY_PHASE_STRIP = NO;
				DEBUG_INFORMATION_FORMAT = "dwarf-with-dsym";
				ENABLE_NS_ASSERTIONS = NO;
				ENABLE_STRICT_OBJC_MSGSEND = YES;
				GCC_C_LANGUAGE_STANDARD = gnu11;
				GCC_NO_COMMON_BLOCKS = YES;
				GCC_WARN_64_TO_32_BIT_CONVERSION = YES;
				GCC_WARN_ABOUT_RETURN_TYPE = YES_ERROR;
				GCC_WARN_UNDECLARED_SELECTOR = YES;
				GCC_WARN_UNINITIALIZED_AUTOS = YES_AGGRESSIVE;
				GCC_WARN_UNUSED_FUNCTION = YES;
				GCC_WARN_UNUSED_VARIABLE = YES;
				MTL_ENABLE_DEBUG_INFO = NO;
				MTL_FAST_MATH = YES;
				PRODUCT_NAME = "$(TARGET_NAME)";
				SWIFT_COMPILATION_MODE = wholemodule;
				SWIFT_EMIT_LOC_STRINGS = YES;
				SWIFT_OPTIMIZATION_LEVEL = "-O";
				SWIFT_VERSION = 5.0;
			};
			name = Release;
		};
		83A19FF0458B2EB1E4CCAFC7 /* Debug */ = {
			isa = XCBuildConfiguration;
			buildSettings = {
				ASSETCATALOG_COMPILER_APPICON_NAME = AppIcon_26;
				CODE_SIGN_ENTITLEMENTS = generated/Flame.entitlements;
				CODE_SIGN_IDENTITY = "iPhone Developer";
				CODE_SIGN_STYLE = Manual;
				DERIVE_MACCATALYST_PRODUCT_BUNDLE_IDENTIFIER = NO;
				DEVELOPMENT_TEAM = 76AFK3W7M9;
				INFOPLIST_FILE = generated/Info.plist;
				IPHONEOS_DEPLOYMENT_TARGET = 17.0;
				LD_RUNPATH_SEARCH_PATHS = (
					"$(inherited)",
					"@executable_path/Frameworks",
				);
				MARKETING_VERSION = 104.1.0;
				PRODUCT_BUNDLE_IDENTIFIER = org.jerakeen.flametouch;
				PROVISIONING_PROFILE_SPECIFIER = "Flametouch dev (with multicast)";
				"PROVISIONING_PROFILE_SPECIFIER[sdk=macosx*]" = "Flametouch Mac Dev";
				SDKROOT = auto;
				SUPPORTED_PLATFORMS = "iphoneos iphonesimulator";
				SUPPORTS_MACCATALYST = YES;
				SUPPORTS_MAC_DESIGNED_FOR_IPHONE_IPAD = YES;
				SUPPORTS_XR_DESIGNED_FOR_IPHONE_IPAD = YES;
				SWIFT_APPROACHABLE_CONCURRENCY = YES;
				SWIFT_DEFAULT_ACTOR_ISOLATION = MainActor;
				TARGETED_DEVICE_FAMILY = "1,2";
			};
			name = Debug;
		};
		E32F2C4F58CD7B923121FA5D /* Debug */ = {
			isa = XCBuildConfiguration;
			buildSettings = {
				ALWAYS_SEARCH_USER_PATHS = NO;
				CLANG_ANALYZER_NONNULL = YES;
				CLANG_ANALYZER_NUMBER_OBJECT_CONVERSION = YES_AGGRESSIVE;
				CLANG_CXX_LANGUAGE_STANDARD = "gnu++14";
				CLANG_CXX_LIBRARY = "libc++";
				CLANG_ENABLE_MODULES = YES;
				CLANG_ENABLE_OBJC_ARC = YES;
				CLANG_ENABLE_OBJC_WEAK = YES;
				CLANG_WARN_BLOCK_CAPTURE_AUTORELEASING = YES;
				CLANG_WARN_BOOL_CONVERSION = YES;
				CLANG_WARN_COMMA = YES;
				CLANG_WARN_CONSTANT_CONVERSION = YES;
				CLANG_WARN_DEPRECATED_OBJC_IMPLEMENTATIONS = YES;
				CLANG_WARN_DIRECT_OBJC_ISA_USAGE = YES_ERROR;
				CLANG_WARN_DOCUMENTATION_COMMENTS = YES;
				CLANG_WARN_EMPTY_BODY = YES;
				CLANG_WARN_ENUM_CONVERSION = YES;
				CLANG_WARN_INFINITE_RECURSION = YES;
				CLANG_WARN_INT_CONVERSION = YES;
				CLANG_WARN_NON_LITERAL_NULL_CONVERSION = YES;
				CLANG_WARN_OBJC_IMPLICIT_RETAIN_SELF = YES;
				CLANG_WARN_OBJC_LITERAL_CONVERSION = YES;
				CLANG_WARN_OBJC_ROOT_CLASS = YES_ERROR;
				CLANG_WARN_QUOTED_INCLUDE_IN_FRAMEWORK_HEADER = YES;
				CLANG_WARN_RANGE_LOOP_ANALYSIS = YES;
				CLANG_WARN_STRICT_PROTOTYPES = YES;
				CLANG_WARN_SUSPICIOUS_MOVE = YES;
				CLANG_WARN_UNGUARDED_AVAILABILITY = YES_AGGRESSIVE;
				CLANG_WARN_UNREACHABLE_CODE = YES;
				CLANG_WARN__DUPLICATE_METHOD_MATCH = YES;
				COPY_PHASE_STRIP = NO;
				DEBUG_INFORMATION_FORMAT = dwarf;
				ENABLE_STRICT_OBJC_MSGSEND = YES;
				ENABLE_TESTABILITY = YES;
				GCC_C_LANGUAGE_STANDARD = gnu11;
				GCC_DYNAMIC_NO_PIC = NO;
				GCC_NO_COMMON_BLOCKS = YES;
				GCC_OPTIMIZATION_LEVEL = 0;
				GCC_PREPROCESSOR_DEFINITIONS = (
					"$(inherited)",
					"DEBUG=1",
				);
				GCC_WARN_64_TO_32_BIT_CONVERSION = YES;
				GCC_WARN_ABOUT_RETURN_TYPE = YES_ERROR;
				GCC_WARN_UNDECLARED_SELECTOR = YES;
				GCC_WARN_UNINITIALIZED_AUTOS = YES_AGGRESSIVE;
				GCC_WARN_UNUSED_FUNCTION = YES;
				GCC_WARN_UNUSED_VARIABLE = YES;
				MTL_ENABLE_DEBUG_INFO = INCLUDE_SOURCE;
				MTL_FAST_MATH = YES;
				ONLY_ACTIVE_ARCH = YES;
				PRODUCT_NAME = "$(TARGET_NAME)";
				SWIFT_ACTIVE_COMPILATION_CONDITIONS = DEBUG;
				SWIFT_EMIT_LOC_STRINGS = YES;
				SWIFT_OPTIMIZATION_LEVEL = "-Onone";
				SWIFT_VERSION = 5.0;
			};
			name = Debug;
		};
/* End XCBuildConfiguration section */

/* Begin XCConfigurationList section */
		79075F7A89A323FE5A7F061A /* Build configuration list for PBXNativeTarget "Flame" */ = {
			isa = XCConfigurationList;
			buildConfigurations = (
				83A19FF0458B2EB1E4CCAFC7 /* Debug */,
				70BFAF7D5DCD29C2C746DE8B /* Release */,
			);
			defaultConfigurationIsVisible = 0;
			defaultConfigurationName = Debug;
		};
		BA61D24F1198953212510B51 /* Build configuration list for PBXProject "Flame" */ = {
			isa = XCConfigurationList;
			buildConfigurations = (
				E32F2C4F58CD7B923121FA5D /* Debug */,
				772E72879CBE2256829CA9A1 /* Release */,
			);
			defaultConfigurationIsVisible = 0;
			defaultConfigurationName = Debug;
		};
		EF63F13F033FEB19551696FC /* Build configuration list for PBXNativeTarget "FlameTests" */ = {
			isa = XCConfigurationList;
			buildConfigurations = (
				587A7F4A48AC5E2AEDBCC8BE /* Debug */,
				14F815E71168BB59F1E9526F /* Release */,
			);
			defaultConfigurationIsVisible = 0;
			defaultConfigurationName = Debug;
		};
/* End XCConfigurationList section */
	};
	rootObject = 036F4B6D91307D898786261F /* Project object */;
}
