// !$*UTF8*$!
{
	archiveVersion = 1;
	classes = {
	};
	objectVersion = 52;
	objects = {

/* Begin PBXBuildFile section */
		721767211C828C950089EC41 /* ServiceGroup.swift in Sources */ = {isa = PBXBuildFile; fileRef = 721767201C828C950089EC41 /* ServiceGroup.swift */; };
		721767231C8296680089EC41 /* AboutViewController.swift in Sources */ = {isa = PBXBuildFile; fileRef = 721767221C8296680089EC41 /* AboutViewController.swift */; };
		721D2E84235AC81D00D763AB /* SceneDelegate.swift in Sources */ = {isa = PBXBuildFile; fileRef = 721D2E83235AC81D00D763AB /* SceneDelegate.swift */; };
		721D2E86235AE31800D763AB /* AboutSceneDelegate.swift in Sources */ = {isa = PBXBuildFile; fileRef = 721D2E85235AE31800D763AB /* AboutSceneDelegate.swift */; };
		722C529F2346FA8A00A17E37 /* CustomSplitViewController.swift in Sources */ = {isa = PBXBuildFile; fileRef = 722C529E2346FA8A00A17E37 /* CustomSplitViewController.swift */; };
		723F91221D974EFD002B4069 /* SimpleCell.swift in Sources */ = {isa = PBXBuildFile; fileRef = 723F91211D974EFD002B4069 /* SimpleCell.swift */; };
		7254056C22EC0C4C00295143 /* UINavigationController+Extensions.swift in Sources */ = {isa = PBXBuildFile; fileRef = 7254056B22EC0C4C00295143 /* UINavigationController+Extensions.swift */; };
		7254CBCC1BCC52BA00F95122 /* ServiceBrowser.swift in Sources */ = {isa = PBXBuildFile; fileRef = 7254CBCB1BCC52BA00F95122 /* ServiceBrowser.swift */; };
		72A73F2D1C82AF3D00E6B21E /* about.html in Resources */ = {isa = PBXBuildFile; fileRef = 72A73F2C1C82AF3D00E6B21E /* about.html */; };
		72A73F331C82B1E400E6B21E /* about.css in Resources */ = {isa = PBXBuildFile; fileRef = 72A73F321C82B1E400E6B21E /* about.css */; };
		72AF69352427DC9B0057F0C8 /* aiReachability in Frameworks */ = {isa = PBXBuildFile; productRef = 72AF69342427DC9B0057F0C8 /* aiReachability */; };
		72B2F3BC1C7A925600175E55 /* Hostname.swift in Sources */ = {isa = PBXBuildFile; fileRef = 72B2F3BB1C7A925600175E55 /* Hostname.swift */; };
		72B2F3BF1C7AF6CB00175E55 /* HostViewController.swift in Sources */ = {isa = PBXBuildFile; fileRef = 72B2F3BE1C7AF6CB00175E55 /* HostViewController.swift */; };
		72B5004F24AD5A9E00645517 /* NetService+Extensions.swift in Sources */ = {isa = PBXBuildFile; fileRef = 72B5004E24AD5A9E00645517 /* NetService+Extensions.swift */; };
		72BC21B22365FFB100F9256C /* Credits.rtfd in Resources */ = {isa = PBXBuildFile; fileRef = 72BC21B12365FFB100F9256C /* Credits.rtfd */; };
		72BEF7151D9705C9000A920E /* StringExtensions.swift in Sources */ = {isa = PBXBuildFile; fileRef = 72BEF7141D9705C9000A920E /* StringExtensions.swift */; };
		72C363BD223E0C14007BFA41 /* Configurable.swift in Sources */ = {isa = PBXBuildFile; fileRef = 72C363BC223E0C14007BFA41 /* Configurable.swift */; };
		72C363BF223E0D57007BFA41 /* UITableView.swift in Sources */ = {isa = PBXBuildFile; fileRef = 72C363BE223E0D57007BFA41 /* UITableView.swift */; };
		72CD665C1DB32096002B21A0 /* ELog.swift in Sources */ = {isa = PBXBuildFile; fileRef = 72CD665B1DB32096002B21A0 /* ELog.swift */; };
		72D24BB71C76BC110005FC8B /* DetailViewController.swift in Sources */ = {isa = PBXBuildFile; fileRef = 72D24BB61C76BC110005FC8B /* DetailViewController.swift */; };
		72D318C71D8B4DE3002E9FA6 /* ServiceName.swift in Sources */ = {isa = PBXBuildFile; fileRef = 72D318C61D8B4DE3002E9FA6 /* ServiceName.swift */; };
		72D318CA1D8B6645002E9FA6 /* Icon_160.png in Resources */ = {isa = PBXBuildFile; fileRef = 72A73F391C82B5B700E6B21E /* Icon_160.png */; };
		72E0BF271D8B90A900070829 /* WirelessDetect.swift in Sources */ = {isa = PBXBuildFile; fileRef = 72E0BF261D8B90A900070829 /* WirelessDetect.swift */; };
		72E16E911DB3023B00EE1179 /* ViewExtensions.swift in Sources */ = {isa = PBXBuildFile; fileRef = 72E16E901DB3023B00EE1179 /* ViewExtensions.swift */; };
		72EC68DB1BC9E50600AC2692 /* AppDelegate.swift in Sources */ = {isa = PBXBuildFile; fileRef = 72EC68DA1BC9E50600AC2692 /* AppDelegate.swift */; };
		72EC68DD1BC9E50600AC2692 /* ServicesViewController.swift in Sources */ = {isa = PBXBuildFile; fileRef = 72EC68DC1BC9E50600AC2692 /* ServicesViewController.swift */; };
		72EC68E21BC9E50600AC2692 /* Assets.xcassets in Resources */ = {isa = PBXBuildFile; fileRef = 72EC68E11BC9E50600AC2692 /* Assets.xcassets */; };
		72EC68E51BC9E50600AC2692 /* LaunchScreen.storyboard in Resources */ = {isa = PBXBuildFile; fileRef = 72EC68E31BC9E50600AC2692 /* LaunchScreen.storyboard */; };
/* End PBXBuildFile section */

/* Begin PBXFileReference section */
		721767201C828C950089EC41 /* ServiceGroup.swift */ = {isa = PBXFileReference; fileEncoding = 4; lastKnownFileType = sourcecode.swift; path = ServiceGroup.swift; sourceTree = "<group>"; };
		721767221C8296680089EC41 /* AboutViewController.swift */ = {isa = PBXFileReference; fileEncoding = 4; lastKnownFileType = sourcecode.swift; path = AboutViewController.swift; sourceTree = "<group>"; };
		721D2E83235AC81D00D763AB /* SceneDelegate.swift */ = {isa = PBXFileReference; lastKnownFileType = sourcecode.swift; path = SceneDelegate.swift; sourceTree = "<group>"; };
		721D2E85235AE31800D763AB /* AboutSceneDelegate.swift */ = {isa = PBXFileReference; lastKnownFileType = sourcecode.swift; path = AboutSceneDelegate.swift; sourceTree = "<group>"; };
		722C529D2346FA5500A17E37 /* Flame.entitlements */ = {isa = PBXFileReference; lastKnownFileType = text.plist.entitlements; path = Flame.entitlements; sourceTree = "<group>"; };
		722C529E2346FA8A00A17E37 /* CustomSplitViewController.swift */ = {isa = PBXFileReference; lastKnownFileType = sourcecode.swift; path = CustomSplitViewController.swift; sourceTree = "<group>"; };
		723F91211D974EFD002B4069 /* SimpleCell.swift */ = {isa = PBXFileReference; fileEncoding = 4; lastKnownFileType = sourcecode.swift; path = SimpleCell.swift; sourceTree = "<group>"; };
		723F91231D975D90002B4069 /* README.md */ = {isa = PBXFileReference; lastKnownFileType = net.daringfireball.markdown; path = README.md; sourceTree = SOURCE_ROOT; };
		7254056B22EC0C4C00295143 /* UINavigationController+Extensions.swift */ = {isa = PBXFileReference; lastKnownFileType = sourcecode.swift; path = "UINavigationController+Extensions.swift"; sourceTree = "<group>"; };
		7254CBCB1BCC52BA00F95122 /* ServiceBrowser.swift */ = {isa = PBXFileReference; fileEncoding = 4; lastKnownFileType = sourcecode.swift; path = ServiceBrowser.swift; sourceTree = "<group>"; };
		72A73F2C1C82AF3D00E6B21E /* about.html */ = {isa = PBXFileReference; fileEncoding = 4; lastKnownFileType = text.html; path = about.html; sourceTree = "<group>"; };
		72A73F321C82B1E400E6B21E /* about.css */ = {isa = PBXFileReference; fileEncoding = 4; lastKnownFileType = text.css; path = about.css; sourceTree = "<group>"; };
		72A73F391C82B5B700E6B21E /* Icon_160.png */ = {isa = PBXFileReference; lastKnownFileType = image.png; path = Icon_160.png; sourceTree = "<group>"; };
		72B2F3BB1C7A925600175E55 /* Hostname.swift */ = {isa = PBXFileReference; fileEncoding = 4; lastKnownFileType = sourcecode.swift; path = Hostname.swift; sourceTree = "<group>"; };
		72B2F3BE1C7AF6CB00175E55 /* HostViewController.swift */ = {isa = PBXFileReference; fileEncoding = 4; lastKnownFileType = sourcecode.swift; path = HostViewController.swift; sourceTree = "<group>"; };
		72B5004C24AD56BD00645517 /* CHANGELOG.md */ = {isa = PBXFileReference; fileEncoding = 4; lastKnownFileType = net.daringfireball.markdown; path = CHANGELOG.md; sourceTree = SOURCE_ROOT; };
		72B5004E24AD5A9E00645517 /* NetService+Extensions.swift */ = {isa = PBXFileReference; lastKnownFileType = sourcecode.swift; path = "NetService+Extensions.swift"; sourceTree = "<group>"; };
		72BC21B12365FFB100F9256C /* Credits.rtfd */ = {isa = PBXFileReference; lastKnownFileType = wrapper.rtfd; path = Credits.rtfd; sourceTree = "<group>"; };
		72BEF7141D9705C9000A920E /* StringExtensions.swift */ = {isa = PBXFileReference; fileEncoding = 4; lastKnownFileType = sourcecode.swift; path = StringExtensions.swift; sourceTree = "<group>"; };
		72C363BC223E0C14007BFA41 /* Configurable.swift */ = {isa = PBXFileReference; lastKnownFileType = sourcecode.swift; path = Configurable.swift; sourceTree = "<group>"; };
		72C363BE223E0D57007BFA41 /* UITableView.swift */ = {isa = PBXFileReference; lastKnownFileType = sourcecode.swift; path = UITableView.swift; sourceTree = "<group>"; };
		72CD665B1DB32096002B21A0 /* ELog.swift */ = {isa = PBXFileReference; fileEncoding = 4; lastKnownFileType = sourcecode.swift; path = ELog.swift; sourceTree = "<group>"; };
		72D24BB61C76BC110005FC8B /* DetailViewController.swift */ = {isa = PBXFileReference; fileEncoding = 4; lastKnownFileType = sourcecode.swift; path = DetailViewController.swift; sourceTree = "<group>"; };
		72D318C61D8B4DE3002E9FA6 /* ServiceName.swift */ = {isa = PBXFileReference; fileEncoding = 4; lastKnownFileType = sourcecode.swift; path = ServiceName.swift; sourceTree = "<group>"; };
		72E0BF261D8B90A900070829 /* WirelessDetect.swift */ = {isa = PBXFileReference; fileEncoding = 4; lastKnownFileType = sourcecode.swift; path = WirelessDetect.swift; sourceTree = "<group>"; };
		72E16E901DB3023B00EE1179 /* ViewExtensions.swift */ = {isa = PBXFileReference; fileEncoding = 4; lastKnownFileType = sourcecode.swift; path = ViewExtensions.swift; sourceTree = "<group>"; };
		72EC68D71BC9E50600AC2692 /* Flame Debug.app */ = {isa = PBXFileReference; explicitFileType = wrapper.application; includeInIndex = 0; path = "Flame Debug.app"; sourceTree = BUILT_PRODUCTS_DIR; };
		72EC68DA1BC9E50600AC2692 /* AppDelegate.swift */ = {isa = PBXFileReference; lastKnownFileType = sourcecode.swift; path = AppDelegate.swift; sourceTree = "<group>"; };
		72EC68DC1BC9E50600AC2692 /* ServicesViewController.swift */ = {isa = PBXFileReference; lastKnownFileType = sourcecode.swift; path = ServicesViewController.swift; sourceTree = "<group>"; };
		72EC68E11BC9E50600AC2692 /* Assets.xcassets */ = {isa = PBXFileReference; lastKnownFileType = folder.assetcatalog; path = Assets.xcassets; sourceTree = "<group>"; };
		72EC68E41BC9E50600AC2692 /* Base */ = {isa = PBXFileReference; lastKnownFileType = file.storyboard; name = Base; path = Base.lproj/LaunchScreen.storyboard; sourceTree = "<group>"; };
		72EC68E61BC9E50600AC2692 /* Info.plist */ = {isa = PBXFileReference; lastKnownFileType = text.plist.xml; path = Info.plist; sourceTree = "<group>"; };
/* End PBXFileReference section */

/* Begin PBXFrameworksBuildPhase section */
		72EC68D41BC9E50600AC2692 /* Frameworks */ = {
			isa = PBXFrameworksBuildPhase;
			buildActionMask = 2147483647;
			files = (
				72AF69352427DC9B0057F0C8 /* aiReachability in Frameworks */,
			);
			runOnlyForDeploymentPostprocessing = 0;
		};
/* End PBXFrameworksBuildPhase section */

/* Begin PBXGroup section */
		725921AC1BF2DF7C0094EFC8 /* View Controllers */ = {
			isa = PBXGroup;
			children = (
				72EC68DC1BC9E50600AC2692 /* ServicesViewController.swift */,
				72B2F3BE1C7AF6CB00175E55 /* HostViewController.swift */,
				72D24BB61C76BC110005FC8B /* DetailViewController.swift */,
				721767221C8296680089EC41 /* AboutViewController.swift */,
				722C529E2346FA8A00A17E37 /* CustomSplitViewController.swift */,
			);
			name = "View Controllers";
			sourceTree = "<group>";
		};
		72A73F341C82B23C00E6B21E /* about */ = {
			isa = PBXGroup;
			children = (
				72A73F391C82B5B700E6B21E /* Icon_160.png */,
				72BC21B12365FFB100F9256C /* Credits.rtfd */,
				72A73F2C1C82AF3D00E6B21E /* about.html */,
				72A73F321C82B1E400E6B21E /* about.css */,
			);
			name = about;
			sourceTree = "<group>";
		};
		72A73F371C82B25600E6B21E /* Services */ = {
			isa = PBXGroup;
			children = (
				7254CBCB1BCC52BA00F95122 /* ServiceBrowser.swift */,
				721767201C828C950089EC41 /* ServiceGroup.swift */,
				72D318C61D8B4DE3002E9FA6 /* ServiceName.swift */,
				72B5004E24AD5A9E00645517 /* NetService+Extensions.swift */,
			);
			name = Services;
			sourceTree = "<group>";
		};
		72A73F381C82B26A00E6B21E /* Cells */ = {
			isa = PBXGroup;
			children = (
				723F91211D974EFD002B4069 /* SimpleCell.swift */,
			);
			name = Cells;
			sourceTree = "<group>";
		};
		72E0BF2A1D8B922A00070829 /* Utils */ = {
			isa = PBXGroup;
			children = (
				72EC68DA1BC9E50600AC2692 /* AppDelegate.swift */,
				721D2E83235AC81D00D763AB /* SceneDelegate.swift */,
				721D2E85235AE31800D763AB /* AboutSceneDelegate.swift */,
				72B2F3BB1C7A925600175E55 /* Hostname.swift */,
				72E0BF261D8B90A900070829 /* WirelessDetect.swift */,
				72BEF7141D9705C9000A920E /* StringExtensions.swift */,
				72E16E901DB3023B00EE1179 /* ViewExtensions.swift */,
				72CD665B1DB32096002B21A0 /* ELog.swift */,
				72C363BC223E0C14007BFA41 /* Configurable.swift */,
				72C363BE223E0D57007BFA41 /* UITableView.swift */,
				7254056B22EC0C4C00295143 /* UINavigationController+Extensions.swift */,
			);
			name = Utils;
			sourceTree = "<group>";
		};
		72E0BF2B1D8B924200070829 /* Interface */ = {
			isa = PBXGroup;
			children = (
				72EC68E31BC9E50600AC2692 /* LaunchScreen.storyboard */,
			);
			name = Interface;
			sourceTree = "<group>";
		};
		72EC68CE1BC9E50600AC2692 = {
			isa = PBXGroup;
			children = (
				72EC68D91BC9E50600AC2692 /* flametouch */,
				72EC68D81BC9E50600AC2692 /* Products */,
				E7B9FF38232F0B693ABA57FC /* Frameworks */,
			);
			sourceTree = "<group>";
		};
		72EC68D81BC9E50600AC2692 /* Products */ = {
			isa = PBXGroup;
			children = (
				72EC68D71BC9E50600AC2692 /* Flame Debug.app */,
			);
			name = Products;
			sourceTree = "<group>";
		};
		72EC68D91BC9E50600AC2692 /* flametouch */ = {
			isa = PBXGroup;
			children = (
				72A73F381C82B26A00E6B21E /* Cells */,
				72A73F371C82B25600E6B21E /* Services */,
				725921AC1BF2DF7C0094EFC8 /* View Controllers */,
				72E0BF2A1D8B922A00070829 /* Utils */,
				72E0BF2B1D8B924200070829 /* Interface */,
				72A73F341C82B23C00E6B21E /* about */,
				72EC68E11BC9E50600AC2692 /* Assets.xcassets */,
				72EC68E61BC9E50600AC2692 /* Info.plist */,
				722C529D2346FA5500A17E37 /* Flame.entitlements */,
				723F91231D975D90002B4069 /* README.md */,
				72B5004C24AD56BD00645517 /* CHANGELOG.md */,
			);
			path = flametouch;
			sourceTree = "<group>";
		};
		E7B9FF38232F0B693ABA57FC /* Frameworks */ = {
			isa = PBXGroup;
			children = (
			);
			name = Frameworks;
			sourceTree = "<group>";
		};
/* End PBXGroup section */

/* Begin PBXNativeTarget section */
		72EC68D61BC9E50600AC2692 /* Flame */ = {
			isa = PBXNativeTarget;
			buildConfigurationList = 72EC68E91BC9E50600AC2692 /* Build configuration list for PBXNativeTarget "Flame" */;
			buildPhases = (
				72EC68D31BC9E50600AC2692 /* Sources */,
				72EC68D41BC9E50600AC2692 /* Frameworks */,
				72EC68D51BC9E50600AC2692 /* Resources */,
				72428D92251936A800F555FE /* Remove Catalyst Entitlements */,
			);
			buildRules = (
			);
			dependencies = (
			);
			name = Flame;
			packageProductDependencies = (
				72AF69342427DC9B0057F0C8 /* aiReachability */,
			);
			productName = flametouch;
			productReference = 72EC68D71BC9E50600AC2692 /* Flame Debug.app */;
			productType = "com.apple.product-type.application";
		};
/* End PBXNativeTarget section */

/* Begin PBXProject section */
		72EC68CF1BC9E50600AC2692 /* Project object */ = {
			isa = PBXProject;
			attributes = {
				LastUpgradeCheck = 1200;
				ORGANIZATIONNAME = tominsam;
				TargetAttributes = {
					72EC68D61BC9E50600AC2692 = {
						CreatedOnToolsVersion = 7.0.1;
						LastSwiftMigration = 1100;
					};
				};
			};
			buildConfigurationList = 72EC68D21BC9E50600AC2692 /* Build configuration list for PBXProject "Flame" */;
			compatibilityVersion = "Xcode 3.2";
			developmentRegion = en;
			hasScannedForEncodings = 0;
			knownRegions = (
				en,
				Base,
			);
			mainGroup = 72EC68CE1BC9E50600AC2692;
			packageReferences = (
				72AF69332427DC9B0057F0C8 /* XCRemoteSwiftPackageReference "aiReachability" */,
			);
			productRefGroup = 72EC68D81BC9E50600AC2692 /* Products */;
			projectDirPath = "";
			projectRoot = "";
			targets = (
				72EC68D61BC9E50600AC2692 /* Flame */,
			);
		};
/* End PBXProject section */

/* Begin PBXResourcesBuildPhase section */
		72EC68D51BC9E50600AC2692 /* Resources */ = {
			isa = PBXResourcesBuildPhase;
			buildActionMask = 2147483647;
			files = (
				72BC21B22365FFB100F9256C /* Credits.rtfd in Resources */,
				72D318CA1D8B6645002E9FA6 /* Icon_160.png in Resources */,
				72A73F331C82B1E400E6B21E /* about.css in Resources */,
				72A73F2D1C82AF3D00E6B21E /* about.html in Resources */,
				72EC68E51BC9E50600AC2692 /* LaunchScreen.storyboard in Resources */,
				72EC68E21BC9E50600AC2692 /* Assets.xcassets in Resources */,
			);
			runOnlyForDeploymentPostprocessing = 0;
		};
/* End PBXResourcesBuildPhase section */

/* Begin PBXShellScriptBuildPhase section */
		72428D92251936A800F555FE /* Remove Catalyst Entitlements */ = {
			isa = PBXShellScriptBuildPhase;
			buildActionMask = 2147483647;
			files = (
			);
			inputFileListPaths = (
			);
			inputPaths = (
			);
			name = "Remove Catalyst Entitlements";
			outputFileListPaths = (
			);
			outputPaths = (
			);
			runOnlyForDeploymentPostprocessing = 0;
			shellPath = /bin/sh;
			shellScript = "if [ \"${IS_MACCATALYST}\" = \"YES\" ]; then\n    ENTITLEMENTS_FILE=\"${TARGET_TEMP_DIR}/${FULL_PRODUCT_NAME}.xcent\"\n    \n    echo \"Removing com.apple.developer.user-fonts entitlement on Mac Catalyst from ${ENTITLEMENTS_FILE}\"\n    plutil -remove \"com\\.apple\\.developer\\.networking\\.multicast\" \"${ENTITLEMENTS_FILE}\"\nfi\n";
		};
/* End PBXShellScriptBuildPhase section */

/* Begin PBXSourcesBuildPhase section */
		72EC68D31BC9E50600AC2692 /* Sources */ = {
			isa = PBXSourcesBuildPhase;
			buildActionMask = 2147483647;
			files = (
				72BEF7151D9705C9000A920E /* StringExtensions.swift in Sources */,
				7254CBCC1BCC52BA00F95122 /* ServiceBrowser.swift in Sources */,
				72C363BD223E0C14007BFA41 /* Configurable.swift in Sources */,
				72D318C71D8B4DE3002E9FA6 /* ServiceName.swift in Sources */,
				72B2F3BF1C7AF6CB00175E55 /* HostViewController.swift in Sources */,
				722C529F2346FA8A00A17E37 /* CustomSplitViewController.swift in Sources */,
				72C363BF223E0D57007BFA41 /* UITableView.swift in Sources */,
				721767211C828C950089EC41 /* ServiceGroup.swift in Sources */,
				7254056C22EC0C4C00295143 /* UINavigationController+Extensions.swift in Sources */,
				72E0BF271D8B90A900070829 /* WirelessDetect.swift in Sources */,
				72EC68DD1BC9E50600AC2692 /* ServicesViewController.swift in Sources */,
				72D24BB71C76BC110005FC8B /* DetailViewController.swift in Sources */,
				72E16E911DB3023B00EE1179 /* ViewExtensions.swift in Sources */,
				72EC68DB1BC9E50600AC2692 /* AppDelegate.swift in Sources */,
				72CD665C1DB32096002B21A0 /* ELog.swift in Sources */,
				721D2E84235AC81D00D763AB /* SceneDelegate.swift in Sources */,
				72B2F3BC1C7A925600175E55 /* Hostname.swift in Sources */,
				721767231C8296680089EC41 /* AboutViewController.swift in Sources */,
				721D2E86235AE31800D763AB /* AboutSceneDelegate.swift in Sources */,
				723F91221D974EFD002B4069 /* SimpleCell.swift in Sources */,
				72B5004F24AD5A9E00645517 /* NetService+Extensions.swift in Sources */,
			);
			runOnlyForDeploymentPostprocessing = 0;
		};
/* End PBXSourcesBuildPhase section */

/* Begin PBXVariantGroup section */
		72EC68E31BC9E50600AC2692 /* LaunchScreen.storyboard */ = {
			isa = PBXVariantGroup;
			children = (
				72EC68E41BC9E50600AC2692 /* Base */,
			);
			name = LaunchScreen.storyboard;
			sourceTree = "<group>";
		};
/* End PBXVariantGroup section */

/* Begin XCBuildConfiguration section */
		72D318C41D8B3234002E9FA6 /* Debug */ = {
			isa = XCBuildConfiguration;
			buildSettings = {
				ALWAYS_SEARCH_USER_PATHS = NO;
				CLANG_ANALYZER_LOCALIZABILITY_NONLOCALIZED = YES;
				CLANG_WARN_BLOCK_CAPTURE_AUTORELEASING = YES;
				CLANG_WARN_BOOL_CONVERSION = YES;
				CLANG_WARN_COMMA = YES;
				CLANG_WARN_CONSTANT_CONVERSION = YES;
				CLANG_WARN_DEPRECATED_OBJC_IMPLEMENTATIONS = YES;
				CLANG_WARN_EMPTY_BODY = YES;
				CLANG_WARN_ENUM_CONVERSION = YES;
				CLANG_WARN_INFINITE_RECURSION = YES;
				CLANG_WARN_INT_CONVERSION = YES;
				CLANG_WARN_NON_LITERAL_NULL_CONVERSION = YES;
				CLANG_WARN_OBJC_IMPLICIT_RETAIN_SELF = YES;
				CLANG_WARN_OBJC_LITERAL_CONVERSION = YES;
				CLANG_WARN_QUOTED_INCLUDE_IN_FRAMEWORK_HEADER = YES;
				CLANG_WARN_RANGE_LOOP_ANALYSIS = YES;
				CLANG_WARN_STRICT_PROTOTYPES = YES;
				CLANG_WARN_SUSPICIOUS_MOVE = YES;
				CLANG_WARN_UNREACHABLE_CODE = YES;
				CLANG_WARN__DUPLICATE_METHOD_MATCH = YES;
				COPY_PHASE_STRIP = NO;
				ENABLE_STRICT_OBJC_MSGSEND = YES;
				ENABLE_TESTABILITY = YES;
				GCC_NO_COMMON_BLOCKS = YES;
				GCC_WARN_64_TO_32_BIT_CONVERSION = YES;
				GCC_WARN_ABOUT_RETURN_TYPE = YES;
				GCC_WARN_UNDECLARED_SELECTOR = YES;
				GCC_WARN_UNINITIALIZED_AUTOS = YES;
				GCC_WARN_UNUSED_FUNCTION = YES;
				GCC_WARN_UNUSED_VARIABLE = YES;
				IPHONEOS_DEPLOYMENT_TARGET = 13.1;
				ONLY_ACTIVE_ARCH = YES;
				SDKROOT = iphoneos;
				SWIFT_OPTIMIZATION_LEVEL = "-Onone";
				SWIFT_VERSION = 5.0;
				TARGETED_DEVICE_FAMILY = "1,2";
				VALIDATE_PRODUCT = YES;
				VERSIONING_SYSTEM = "apple-generic";
			};
			name = Debug;
		};
		72D318C51D8B3234002E9FA6 /* Debug */ = {
			isa = XCBuildConfiguration;
			buildSettings = {
				ASSETCATALOG_COMPILER_APPICON_NAME = Blueprint;
				CLANG_ENABLE_OBJC_WEAK = YES;
				CODE_SIGN_ENTITLEMENTS = flametouch/Flame.entitlements;
				CODE_SIGN_IDENTITY = "iPhone Developer";
				"CODE_SIGN_IDENTITY[sdk=macosx*]" = "Apple Development";
				CODE_SIGN_STYLE = Manual;
				CURRENT_PROJECT_VERSION = 76;
				DEVELOPMENT_TEAM = 76AFK3W7M9;
				INFOPLIST_FILE = flametouch/Info.plist;
				IPHONEOS_DEPLOYMENT_TARGET = 14.0;
				"IPHONEOS_DEPLOYMENT_TARGET[sdk=macosx*]" = 14.2;
				MARKETING_VERSION = 2.7.0;
				OTHER_SWIFT_FLAGS = "$(inherited) -D DEBUG";
				PRODUCT_BUNDLE_IDENTIFIER = org.jerakeen.flametouch;
				PRODUCT_NAME = "$(TARGET_NAME) Debug";
				PROVISIONING_PROFILE_SPECIFIER = "Flametouch dev (with multicast)";
				"PROVISIONING_PROFILE_SPECIFIER[sdk=macosx*]" = "Flametouch Mac Dev";
				SUPPORTS_MACCATALYST = YES;
				SUPPORTS_MAC_DESIGNED_FOR_IPHONE_IPAD = NO;
				TARGETED_DEVICE_FAMILY = "1,2,6";
			};
			name = Debug;
		};
		72EC68E81BC9E50600AC2692 /* Release */ = {
			isa = XCBuildConfiguration;
			buildSettings = {
				ALWAYS_SEARCH_USER_PATHS = NO;
				CLANG_ANALYZER_LOCALIZABILITY_NONLOCALIZED = YES;
				CLANG_WARN_BLOCK_CAPTURE_AUTORELEASING = YES;
				CLANG_WARN_BOOL_CONVERSION = YES;
				CLANG_WARN_COMMA = YES;
				CLANG_WARN_CONSTANT_CONVERSION = YES;
				CLANG_WARN_DEPRECATED_OBJC_IMPLEMENTATIONS = YES;
				CLANG_WARN_EMPTY_BODY = YES;
				CLANG_WARN_ENUM_CONVERSION = YES;
				CLANG_WARN_INFINITE_RECURSION = YES;
				CLANG_WARN_INT_CONVERSION = YES;
				CLANG_WARN_NON_LITERAL_NULL_CONVERSION = YES;
				CLANG_WARN_OBJC_IMPLICIT_RETAIN_SELF = YES;
				CLANG_WARN_OBJC_LITERAL_CONVERSION = YES;
				CLANG_WARN_QUOTED_INCLUDE_IN_FRAMEWORK_HEADER = YES;
				CLANG_WARN_RANGE_LOOP_ANALYSIS = YES;
				CLANG_WARN_STRICT_PROTOTYPES = YES;
				CLANG_WARN_SUSPICIOUS_MOVE = YES;
				CLANG_WARN_UNREACHABLE_CODE = YES;
				CLANG_WARN__DUPLICATE_METHOD_MATCH = YES;
				ENABLE_STRICT_OBJC_MSGSEND = YES;
				GCC_NO_COMMON_BLOCKS = YES;
				GCC_WARN_64_TO_32_BIT_CONVERSION = YES;
				GCC_WARN_ABOUT_RETURN_TYPE = YES;
				GCC_WARN_UNDECLARED_SELECTOR = YES;
				GCC_WARN_UNINITIALIZED_AUTOS = YES;
				GCC_WARN_UNUSED_FUNCTION = YES;
				GCC_WARN_UNUSED_VARIABLE = YES;
				IPHONEOS_DEPLOYMENT_TARGET = 13.1;
				SDKROOT = iphoneos;
				SWIFT_COMPILATION_MODE = wholemodule;
				SWIFT_VERSION = 5.0;
				TARGETED_DEVICE_FAMILY = "1,2";
				VALIDATE_PRODUCT = YES;
				VERSIONING_SYSTEM = "apple-generic";
			};
			name = Release;
		};
		72EC68EB1BC9E50600AC2692 /* Release */ = {
			isa = XCBuildConfiguration;
			buildSettings = {
				ASSETCATALOG_COMPILER_APPICON_NAME = AppIcon;
				CLANG_ENABLE_OBJC_WEAK = YES;
				CODE_SIGN_ENTITLEMENTS = flametouch/Flame.entitlements;
				CODE_SIGN_IDENTITY = "iPhone Developer";
				"CODE_SIGN_IDENTITY[sdk=macosx*]" = "Apple Development";
				CODE_SIGN_STYLE = Manual;
				CURRENT_PROJECT_VERSION = 76;
				DEVELOPMENT_TEAM = 76AFK3W7M9;
				INFOPLIST_FILE = flametouch/Info.plist;
				IPHONEOS_DEPLOYMENT_TARGET = 14.0;
				"IPHONEOS_DEPLOYMENT_TARGET[sdk=macosx*]" = 14.2;
				MARKETING_VERSION = 2.7.0;
				PRODUCT_BUNDLE_IDENTIFIER = org.jerakeen.flametouch;
				PRODUCT_NAME = "$(TARGET_NAME)";
				PROVISIONING_PROFILE_SPECIFIER = "Flametouch dev (with multicast)";
				"PROVISIONING_PROFILE_SPECIFIER[sdk=macosx*]" = "Flametouch Mac Dev";
				SUPPORTS_MACCATALYST = YES;
				SUPPORTS_MAC_DESIGNED_FOR_IPHONE_IPAD = NO;
				TARGETED_DEVICE_FAMILY = "1,2,6";
			};
			name = Release;
		};
/* End XCBuildConfiguration section */

/* Begin XCConfigurationList section */
		72EC68D21BC9E50600AC2692 /* Build configuration list for PBXProject "Flame" */ = {
			isa = XCConfigurationList;
			buildConfigurations = (
				72EC68E81BC9E50600AC2692 /* Release */,
				72D318C41D8B3234002E9FA6 /* Debug */,
			);
			defaultConfigurationIsVisible = 0;
			defaultConfigurationName = Release;
		};
		72EC68E91BC9E50600AC2692 /* Build configuration list for PBXNativeTarget "Flame" */ = {
			isa = XCConfigurationList;
			buildConfigurations = (
				72EC68EB1BC9E50600AC2692 /* Release */,
				72D318C51D8B3234002E9FA6 /* Debug */,
			);
			defaultConfigurationIsVisible = 0;
			defaultConfigurationName = Release;
		};
/* End XCConfigurationList section */

/* Begin XCRemoteSwiftPackageReference section */
		72AF69332427DC9B0057F0C8 /* XCRemoteSwiftPackageReference "aiReachability" */ = {
			isa = XCRemoteSwiftPackageReference;
			repositoryURL = "https://github.com/aiFigueiredo/aiReachability.git";
			requirement = {
				kind = revision;
				revision = 4e33ca7bd44f01743eb7aab3437d96c1614e24af;
			};
		};
/* End XCRemoteSwiftPackageReference section */

/* Begin XCSwiftPackageProductDependency section */
		72AF69342427DC9B0057F0C8 /* aiReachability */ = {
			isa = XCSwiftPackageProductDependency;
			package = 72AF69332427DC9B0057F0C8 /* XCRemoteSwiftPackageReference "aiReachability" */;
			productName = aiReachability;
		};
/* End XCSwiftPackageProductDependency section */
	};
	rootObject = 72EC68CF1BC9E50600AC2692 /* Project object */;
}
