{
  "originHash" : "00398ece5b8c1a1be5b1a79c6b5417558509a282b2721d1d128d58d127516896",
  "pins" : [
    {
      "identity" : "swiftui-flow",
      "kind" : "remoteSourceControl",
      "location" : "https://github.com/tevelee/SwiftUI-Flow",
      "state" : {
        "revision" : "d227f999b2894ab737ef5786d9b14d02d3e5362e",
        "version" : "3.1.1"
      }
    }
  ],
  "version" : 3
}
